
Microsoft Visual Studio Solution File, Format Version 12.00
# Visual Studio Version 16
VisualStudioVersion = 16.0.30517.126
MinimumVisualStudioVersion = 10.0.40219.1
Project("{9A19103F-16F7-4668-BE54-9A1E7A4F7556}") = "Circustrein", "Circustrein\Circustrein.csproj", "{AA63CB63-19A4-4DA4-B851-F91BAD1819FC}"
EndProject
Project("{FAE04EC0-301F-11D3-BF4B-00C04F79EFBC}") = "CircustreinTests", "CircustreinTests\CircustreinTests.csproj", "{3C051A6A-4F0A-42CD-9103-28F59F19F96C}"
EndProject
Global
	GlobalSection(SolutionConfigurationPlatforms) = preSolution
		Debug|Any CPU = Debug|Any CPU
		Release|Any CPU = Release|Any CPU
	EndGlobalSection
	GlobalSection(ProjectConfigurationPlatforms) = postSolution
		{AA63CB63-19A4-4DA4-B851-F91BAD1819FC}.Debug|Any CPU.ActiveCfg = Debug|Any CPU
		{AA63CB63-19A4-4DA4-B851-F91BAD1819FC}.Debug|Any CPU.Build.0 = Debug|Any CPU
		{AA63CB63-19A4-4DA4-B851-F91BAD1819FC}.Release|Any CPU.ActiveCfg = Release|Any CPU
		{AA63CB63-19A4-4DA4-B851-F91BAD1819FC}.Release|Any CPU.Build.0 = Release|Any CPU
		{3C051A6A-4F0A-42CD-9103-28F59F19F96C}.Debug|Any CPU.ActiveCfg = Debug|Any CPU
		{3C051A6A-4F0A-42CD-9103-28F59F19F96C}.Debug|Any CPU.Build.0 = Debug|Any CPU
		{3C051A6A-4F0A-42CD-9103-28F59F19F96C}.Release|Any CPU.ActiveCfg = Release|Any CPU
		{3C051A6A-4F0A-42CD-9103-28F59F19F96C}.Release|Any CPU.Build.0 = Release|Any CPU
	EndGlobalSection
	GlobalSection(SolutionProperties) = preSolution
		HideSolutionNode = FALSE
	EndGlobalSection
	GlobalSection(ExtensibilityGlobals) = postSolution
		SolutionGuid = {B8173669-E734-486F-917F-D8D15B53506F}
	EndGlobalSection
EndGlobal
